{
  "nodes": {
    "cemu-ti": {
      "flake": false,
      "locked": {
        "lastModified": 1767519126,
        "narHash": "sha256-6XFZtzwQT+DaCZjO9VbtmZiF5sO0J36FBjQA2bmdp5o=",
        "ref": "refs/heads/master",
        "rev": "516d420d1ab929472f78b3ecc8366b35520f1041",
        "revCount": 2606,
        "submodules": true,
        "type": "git",
        "url": "https://github.com/CE-Programming/CEmu"
      },
      "original": {
        "submodules": true,
        "type": "git",
        "url": "https://github.com/CE-Programming/CEmu"
      }
    },
    "convbin": {
      "flake": false,
      "locked": {
        "lastModified": 1720998131,
        "narHash": "sha256-vBE+jaQBQREKWYrOOEFLXZt8stAAqGhxvTZhEC5+Xds=",
        "ref": "refs/heads/master",
        "rev": "c142a6c5ebb4e83be29961ccf70080cd169a6091",
        "revCount": 169,
        "submodules": true,
        "type": "git",
        "url": "https://github.com/mateoconlechuga/convbin"
      },
      "original": {
        "submodules": true,
        "type": "git",
        "url": "https://github.com/mateoconlechuga/convbin"
      }
    },
    "flake-utils": {
      "inputs": {
        "systems": "systems"
      },
      "locked": {
        "lastModified": 1731533236,
        "narHash": "sha256-l0KFg5HjrsfsO/JpG+r7fRrqm12kzFHyUHqHCVpMMbI=",
        "owner": "numtide",
        "repo": "flake-utils",
        "rev": "11707dc2f618dd54ca8739b309ec4fc024de578b",
        "type": "github"
      },
      "original": {
        "owner": "numtide",
        "repo": "flake-utils",
        "type": "github"
      }
    },
    "flake-utils_2": {
      "inputs": {
        "systems": "systems_2"
      },
      "locked": {
        "lastModified": 1726560853,
        "narHash": "sha256-X6rJYSESBVr3hBoH0WbKE5KvhPU5bloyZ2L4K60/fPQ=",
        "owner": "numtide",
        "repo": "flake-utils",
        "rev": "c1dfcf08411b08f6b8615f7d8971a2bfa81d5e8a",
        "type": "github"
      },
      "original": {
        "owner": "numtide",
        "repo": "flake-utils",
        "type": "github"
      }
    },
    "llvm-ez80": {
      "flake": false,
      "locked": {
        "lastModified": 1762764369,
        "narHash": "sha256-ikWuB1CCqG7uy9gpwpCUIawEkiVTUdzPsQJWb+R2Flk=",
        "owner": "CE-Programming",
        "repo": "llvm-project",
        "rev": "263e6374ab7ac991c1bac4ed5ae7821242623cc5",
        "type": "github"
      },
      "original": {
        "owner": "CE-Programming",
        "repo": "llvm-project",
        "type": "github"
      }
    },
    "nixpkgs": {
      "locked": {
        "lastModified": 1764667669,
        "narHash": "sha256-7WUCZfmqLAssbDqwg9cUDAXrSoXN79eEEq17qhTNM/Y=",
        "owner": "nixos",
        "repo": "nixpkgs",
        "rev": "418468ac9527e799809c900eda37cbff999199b6",
        "type": "github"
      },
      "original": {
        "owner": "nixos",
        "ref": "nixos-unstable",
        "repo": "nixpkgs",
        "type": "github"
      }
    },
    "root": {
      "inputs": {
        "flake-utils": "flake-utils",
        "nixpkgs": "nixpkgs",
        "rust-overlay": "rust-overlay",
        "tice-rust": "tice-rust",
        "toolchain": "toolchain"
      }
    },
    "rust-overlay": {
      "inputs": {
        "nixpkgs": [
          "nixpkgs"
        ]
      },
      "locked": {
        "lastModified": 1764902447,
        "narHash": "sha256-wNqkDBj+tjK619sTHPEA7uhjr7DHHEY8OsFou31dxy0=",
        "owner": "oxalica",
        "repo": "rust-overlay",
        "rev": "d914a744a83098eeb28125d2848ad383b209223f",
        "type": "github"
      },
      "original": {
        "owner": "oxalica",
        "repo": "rust-overlay",
        "type": "github"
      }
    },
    "systems": {
      "locked": {
        "lastModified": 1681028828,
        "narHash": "sha256-Vy1rq5AaRuLzOxct8nz4T6wlgyUR7zLU309k9mBC768=",
        "owner": "nix-systems",
        "repo": "default",
        "rev": "da67096a3b9bf56a91d16901293e51ba5b49a27e",
        "type": "github"
      },
      "original": {
        "owner": "nix-systems",
        "repo": "default",
        "type": "github"
      }
    },
    "systems_2": {
      "locked": {
        "lastModified": 1681028828,
        "narHash": "sha256-Vy1rq5AaRuLzOxct8nz4T6wlgyUR7zLU309k9mBC768=",
        "owner": "nix-systems",
        "repo": "default",
        "rev": "da67096a3b9bf56a91d16901293e51ba5b49a27e",
        "type": "github"
      },
      "original": {
        "owner": "nix-systems",
        "repo": "default",
        "type": "github"
      }
    },
    "tice-rust": {
      "inputs": {
        "flake-utils": [
          "flake-utils"
        ],
        "nixpkgs": [
          "nixpkgs"
        ],
        "rust-overlay": [
          "rust-overlay"
        ],
        "toolchain": [
          "toolchain"
        ]
      },
      "locked": {
        "lastModified": 1767993364,
        "narHash": "sha256-o+3aSSsnIQ17C1NI/jque8H7djyzqb2QuPTbS7fv7Ts=",
        "owner": "the-pink-hacker",
        "repo": "tice-rust",
        "rev": "0a51b5c0e678de3a077ff97a22a72527ac2c56d7",
        "type": "github"
      },
      "original": {
        "owner": "the-pink-hacker",
        "repo": "tice-rust",
        "type": "github"
      }
    },
    "toolchain": {
      "inputs": {
        "cemu-ti": "cemu-ti",
        "convbin": "convbin",
        "flake-utils": "flake-utils_2",
        "llvm-ez80": "llvm-ez80",
        "nixpkgs": [
          "nixpkgs"
        ],
        "toolchain": "toolchain_2"
      },
      "locked": {
        "lastModified": 1767984784,
        "narHash": "sha256-ZfyLkw185QMuDRTNy1lwKeYhGAMwQfHji57IYSNyMCw=",
        "owner": "the-pink-hacker",
        "repo": "ce-toolchain-nix",
        "rev": "0c228c3f9ad4b598ae0af31e61ff2c9d4d145e5b",
        "type": "github"
      },
      "original": {
        "owner": "the-pink-hacker",
        "repo": "ce-toolchain-nix",
        "type": "github"
      }
    },
    "toolchain_2": {
      "flake": false,
      "locked": {
        "lastModified": 1766392899,
        "narHash": "sha256-DLs+bfz5R/jwOahSMQMMr5L2f3TrHjcHCib/pq1J7qY=",
        "ref": "refs/heads/master",
        "rev": "6ee6d1ae8be165f3015b45e8ee7f929aa50099a9",
        "revCount": 3075,
        "submodules": true,
        "type": "git",
        "url": "https://github.com/CE-Programming/toolchain"
      },
      "original": {
        "submodules": true,
        "type": "git",
        "url": "https://github.com/CE-Programming/toolchain"
      }
    }
  },
  "root": "root",
  "version": 7
}
