{
  "nodes": {
    "convbin": {
      "flake": false,
      "locked": {
        "lastModified": 1720998131,
        "narHash": "sha256-vBE+jaQBQREKWYrOOEFLXZt8stAAqGhxvTZhEC5+Xds=",
        "ref": "refs/heads/master",
        "rev": "c142a6c5ebb4e83be29961ccf70080cd169a6091",
        "revCount": 169,
        "submodules": true,
        "type": "git",
        "url": "https://github.com/mateoconlechuga/convbin"
      },
      "original": {
        "submodules": true,
        "type": "git",
        "url": "https://github.com/mateoconlechuga/convbin"
      }
    },
    "decbot4Src": {
      "flake": false,
      "locked": {
        "lastModified": 1723476330,
        "narHash": "sha256-hnbm14A222Y7zZ+KRcLpJN3t93/CB7eB2H0cjp2IKEM=",
        "owner": "cemetech",
        "repo": "decbot4",
        "rev": "ab7b0bb7662d5bf750d68f15370cb78ad828a80a",
        "type": "gitlab"
      },
      "original": {
        "owner": "cemetech",
        "repo": "decbot4",
        "type": "gitlab"
      }
    },
    "flake-utils": {
      "inputs": {
        "systems": "systems"
      },
      "locked": {
        "lastModified": 1731533236,
        "narHash": "sha256-l0KFg5HjrsfsO/JpG+r7fRrqm12kzFHyUHqHCVpMMbI=",
        "owner": "numtide",
        "repo": "flake-utils",
        "rev": "11707dc2f618dd54ca8739b309ec4fc024de578b",
        "type": "github"
      },
      "original": {
        "owner": "numtide",
        "repo": "flake-utils",
        "type": "github"
      }
    },
    "flake-utils_2": {
      "inputs": {
        "systems": "systems_2"
      },
      "locked": {
        "lastModified": 1726560853,
        "narHash": "sha256-X6rJYSESBVr3hBoH0WbKE5KvhPU5bloyZ2L4K60/fPQ=",
        "owner": "numtide",
        "repo": "flake-utils",
        "rev": "c1dfcf08411b08f6b8615f7d8971a2bfa81d5e8a",
        "type": "github"
      },
      "original": {
        "owner": "numtide",
        "repo": "flake-utils",
        "type": "github"
      }
    },
    "llvm-ez80": {
      "flake": false,
      "locked": {
        "lastModified": 1702487697,
        "narHash": "sha256-g9AVQF48HvaOzwm6Fr935+2+Ch+nvUV2afygb3iUflw=",
        "owner": "jacobly0",
        "repo": "llvm-project",
        "rev": "005a99ce2569373524bd881207aa4a1e98a2b238",
        "type": "github"
      },
      "original": {
        "owner": "jacobly0",
        "repo": "llvm-project",
        "type": "github"
      }
    },
    "nixpkgs": {
      "locked": {
        "lastModified": 1764667669,
        "narHash": "sha256-7WUCZfmqLAssbDqwg9cUDAXrSoXN79eEEq17qhTNM/Y=",
        "owner": "nixos",
        "repo": "nixpkgs",
        "rev": "418468ac9527e799809c900eda37cbff999199b6",
        "type": "github"
      },
      "original": {
        "owner": "nixos",
        "ref": "nixos-unstable",
        "repo": "nixpkgs",
        "type": "github"
      }
    },
    "root": {
      "inputs": {
        "flake-utils": "flake-utils",
        "nixpkgs": "nixpkgs",
        "rust-overlay": "rust-overlay",
        "tice-rust": "tice-rust",
        "toolchain": "toolchain"
      }
    },
    "rust-overlay": {
      "inputs": {
        "nixpkgs": [
          "nixpkgs"
        ]
      },
      "locked": {
        "lastModified": 1764902447,
        "narHash": "sha256-wNqkDBj+tjK619sTHPEA7uhjr7DHHEY8OsFou31dxy0=",
        "owner": "oxalica",
        "repo": "rust-overlay",
        "rev": "d914a744a83098eeb28125d2848ad383b209223f",
        "type": "github"
      },
      "original": {
        "owner": "oxalica",
        "repo": "rust-overlay",
        "type": "github"
      }
    },
    "systems": {
      "locked": {
        "lastModified": 1681028828,
        "narHash": "sha256-Vy1rq5AaRuLzOxct8nz4T6wlgyUR7zLU309k9mBC768=",
        "owner": "nix-systems",
        "repo": "default",
        "rev": "da67096a3b9bf56a91d16901293e51ba5b49a27e",
        "type": "github"
      },
      "original": {
        "owner": "nix-systems",
        "repo": "default",
        "type": "github"
      }
    },
    "systems_2": {
      "locked": {
        "lastModified": 1681028828,
        "narHash": "sha256-Vy1rq5AaRuLzOxct8nz4T6wlgyUR7zLU309k9mBC768=",
        "owner": "nix-systems",
        "repo": "default",
        "rev": "da67096a3b9bf56a91d16901293e51ba5b49a27e",
        "type": "github"
      },
      "original": {
        "owner": "nix-systems",
        "repo": "default",
        "type": "github"
      }
    },
    "tice-rust": {
      "inputs": {
        "flake-utils": [
          "flake-utils"
        ],
        "nixpkgs": [
          "nixpkgs"
        ],
        "rust-overlay": [
          "rust-overlay"
        ],
        "toolchain": [
          "toolchain"
        ]
      },
      "locked": {
        "lastModified": 1764916432,
        "narHash": "sha256-J21g+z9osT8pnwoQoWTaF1WZgENJR21Ay9HZ/27WySc=",
        "owner": "the-pink-hacker",
        "repo": "tice-rust",
        "rev": "aeffc5da7fd532794f462788ef7e2ce348c857e9",
        "type": "github"
      },
      "original": {
        "owner": "the-pink-hacker",
        "repo": "tice-rust",
        "type": "github"
      }
    },
    "toolchain": {
      "inputs": {
        "convbin": "convbin",
        "decbot4Src": "decbot4Src",
        "flake-utils": "flake-utils_2",
        "llvm-ez80": "llvm-ez80",
        "nixpkgs": [
          "nixpkgs"
        ],
        "toolchain": "toolchain_2"
      },
      "locked": {
        "lastModified": 1764916156,
        "narHash": "sha256-8COfDv9LJUAJ+E6SqZYBzIOgIbILRxAiZqYiXelta3M=",
        "owner": "the-pink-hacker",
        "repo": "ce-toolchain-nix",
        "rev": "126dc0ebedb78ac98bce4a5f9227ea4353c3661b",
        "type": "github"
      },
      "original": {
        "owner": "the-pink-hacker",
        "repo": "ce-toolchain-nix",
        "type": "github"
      }
    },
    "toolchain_2": {
      "flake": false,
      "locked": {
        "lastModified": 1727774403,
        "narHash": "sha256-gLafZZxrZB3kuyM/NMnDMn8HyRjm5/srnq0VhsgXzJM=",
        "ref": "refs/heads/master",
        "rev": "98d855b2d01b44f626af5bf02523e97f3c4a7ed8",
        "revCount": 2665,
        "submodules": true,
        "type": "git",
        "url": "https://github.com/CE-Programming/toolchain"
      },
      "original": {
        "submodules": true,
        "type": "git",
        "url": "https://github.com/CE-Programming/toolchain"
      }
    }
  },
  "root": "root",
  "version": 7
}
